
Microsoft Visual Studio Solution File, Format Version 12.00
# Visual Studio Version 16
VisualStudioVersion = 16.0.33529.622
MinimumVisualStudioVersion = 10.0.40219.1
Project("{FAE04EC0-301F-11D3-BF4B-00C04F79EFBC}") = "RtDBiomes", "RtDBiomes\RtDBiomes.csproj", "{EDB9B051-C1FA-4735-B61E-2823FFD842E5}"
EndProject
Global
	GlobalSection(SolutionConfigurationPlatforms) = preSolution
		Debug|Any CPU = Debug|Any CPU
		Release|Any CPU = Release|Any CPU
	EndGlobalSection
	GlobalSection(ProjectConfigurationPlatforms) = postSolution
		{EDB9B051-C1FA-4735-B61E-2823FFD842E5}.Debug|Any CPU.ActiveCfg = Debug|Any CPU
		{EDB9B051-C1FA-4735-B61E-2823FFD842E5}.Debug|Any CPU.Build.0 = Debug|Any CPU
		{EDB9B051-C1FA-4735-B61E-2823FFD842E5}.Release|Any CPU.ActiveCfg = Release|Any CPU
		{EDB9B051-C1FA-4735-B61E-2823FFD842E5}.Release|Any CPU.Build.0 = Release|Any CPU
	EndGlobalSection
	GlobalSection(SolutionProperties) = preSolution
		HideSolutionNode = FALSE
	EndGlobalSection
	GlobalSection(ExtensibilityGlobals) = postSolution
		SolutionGuid = {57E54229-6C12-46CB-B03D-7774E922555B}
	EndGlobalSection
EndGlobal
